
Microsoft Visual Studio Solution File, Format Version 12.00
# Visual Studio 15
VisualStudioVersion = 15.0.26730.16
MinimumVisualStudioVersion = 10.0.40219.1
Project("{8BC9CEB8-8B4A-11D0-8D11-00A0C91BC942}") = "HelloCV", "HelloCV\HelloCV.vcxproj", "{4839E06D-5D88-4D6B-AD38-7BDAFF48B9F4}"
EndProject
Project("{8BC9CEB8-8B4A-11D0-8D11-00A0C91BC942}") = "ImageWatcher", "ImageWatcher\ImageWatcher.vcxproj", "{1B9B1E9A-0576-4744-B6CD-92B5CE4C9ED6}"
EndProject
Project("{8BC9CEB8-8B4A-11D0-8D11-00A0C91BC942}") = "Happy", "Happy\Happy.vcxproj", "{D0B895E0-B555-4A71-9E0F-A2F8C6FE4913}"
EndProject
Project("{8BC9CEB8-8B4A-11D0-8D11-00A0C91BC942}") = "blend", "blend\blend.vcxproj", "{2742214C-6560-4326-A82B-137F63AD5868}"
EndProject
Project("{8BC9CEB8-8B4A-11D0-8D11-00A0C91BC942}") = "SplitMerge", "SplitMerge\SplitMerge.vcxproj", "{CDCDA80B-7178-46A0-BEA0-39A56CD819EC}"
EndProject
Project("{8BC9CEB8-8B4A-11D0-8D11-00A0C91BC942}") = "TrackBar", "TrackBar\TrackBar.vcxproj", "{DFBE335C-DF8D-485D-B0A4-93213B5DB767}"
EndProject
Project("{8BC9CEB8-8B4A-11D0-8D11-00A0C91BC942}") = "Filter", "Filter\Filter.vcxproj", "{0F9428B8-6E7D-4023-8C44-18C97C7DEA80}"
EndProject
Project("{8BC9CEB8-8B4A-11D0-8D11-00A0C91BC942}") = "Hsitogram", "Hsitogram\Hsitogram.vcxproj", "{02088FF7-2D29-4AC7-BE27-025C4D690C3D}"
EndProject
Project("{8BC9CEB8-8B4A-11D0-8D11-00A0C91BC942}") = "HistogramShow", "HistogramShow\HistogramShow.vcxproj", "{ED9F8E90-5FB0-43C6-A757-BBC2EA7A9F80}"
EndProject
Project("{8BC9CEB8-8B4A-11D0-8D11-00A0C91BC942}") = "HistogramComparison", "HistogramComparison\HistogramComparison.vcxproj", "{654A8818-FCF8-4269-AEF1-1DE2454815DA}"
EndProject
Global
	GlobalSection(SolutionConfigurationPlatforms) = preSolution
		Debug|x64 = Debug|x64
		Debug|x86 = Debug|x86
		Release|x64 = Release|x64
		Release|x86 = Release|x86
	EndGlobalSection
	GlobalSection(ProjectConfigurationPlatforms) = postSolution
		{4839E06D-5D88-4D6B-AD38-7BDAFF48B9F4}.Debug|x64.ActiveCfg = Debug|x64
		{4839E06D-5D88-4D6B-AD38-7BDAFF48B9F4}.Debug|x64.Build.0 = Debug|x64
		{4839E06D-5D88-4D6B-AD38-7BDAFF48B9F4}.Debug|x86.ActiveCfg = Debug|Win32
		{4839E06D-5D88-4D6B-AD38-7BDAFF48B9F4}.Debug|x86.Build.0 = Debug|Win32
		{4839E06D-5D88-4D6B-AD38-7BDAFF48B9F4}.Release|x64.ActiveCfg = Release|x64
		{4839E06D-5D88-4D6B-AD38-7BDAFF48B9F4}.Release|x64.Build.0 = Release|x64
		{4839E06D-5D88-4D6B-AD38-7BDAFF48B9F4}.Release|x86.ActiveCfg = Release|Win32
		{4839E06D-5D88-4D6B-AD38-7BDAFF48B9F4}.Release|x86.Build.0 = Release|Win32
		{1B9B1E9A-0576-4744-B6CD-92B5CE4C9ED6}.Debug|x64.ActiveCfg = Debug|x64
		{1B9B1E9A-0576-4744-B6CD-92B5CE4C9ED6}.Debug|x64.Build.0 = Debug|x64
		{1B9B1E9A-0576-4744-B6CD-92B5CE4C9ED6}.Debug|x86.ActiveCfg = Debug|Win32
		{1B9B1E9A-0576-4744-B6CD-92B5CE4C9ED6}.Debug|x86.Build.0 = Debug|Win32
		{1B9B1E9A-0576-4744-B6CD-92B5CE4C9ED6}.Release|x64.ActiveCfg = Release|x64
		{1B9B1E9A-0576-4744-B6CD-92B5CE4C9ED6}.Release|x64.Build.0 = Release|x64
		{1B9B1E9A-0576-4744-B6CD-92B5CE4C9ED6}.Release|x86.ActiveCfg = Release|Win32
		{1B9B1E9A-0576-4744-B6CD-92B5CE4C9ED6}.Release|x86.Build.0 = Release|Win32
		{D0B895E0-B555-4A71-9E0F-A2F8C6FE4913}.Debug|x64.ActiveCfg = Debug|x64
		{D0B895E0-B555-4A71-9E0F-A2F8C6FE4913}.Debug|x64.Build.0 = Debug|x64
		{D0B895E0-B555-4A71-9E0F-A2F8C6FE4913}.Debug|x86.ActiveCfg = Debug|Win32
		{D0B895E0-B555-4A71-9E0F-A2F8C6FE4913}.Debug|x86.Build.0 = Debug|Win32
		{D0B895E0-B555-4A71-9E0F-A2F8C6FE4913}.Release|x64.ActiveCfg = Release|x64
		{D0B895E0-B555-4A71-9E0F-A2F8C6FE4913}.Release|x64.Build.0 = Release|x64
		{D0B895E0-B555-4A71-9E0F-A2F8C6FE4913}.Release|x86.ActiveCfg = Release|Win32
		{D0B895E0-B555-4A71-9E0F-A2F8C6FE4913}.Release|x86.Build.0 = Release|Win32
		{2742214C-6560-4326-A82B-137F63AD5868}.Debug|x64.ActiveCfg = Debug|x64
		{2742214C-6560-4326-A82B-137F63AD5868}.Debug|x64.Build.0 = Debug|x64
		{2742214C-6560-4326-A82B-137F63AD5868}.Debug|x86.ActiveCfg = Debug|Win32
		{2742214C-6560-4326-A82B-137F63AD5868}.Debug|x86.Build.0 = Debug|Win32
		{2742214C-6560-4326-A82B-137F63AD5868}.Release|x64.ActiveCfg = Release|x64
		{2742214C-6560-4326-A82B-137F63AD5868}.Release|x64.Build.0 = Release|x64
		{2742214C-6560-4326-A82B-137F63AD5868}.Release|x86.ActiveCfg = Release|Win32
		{2742214C-6560-4326-A82B-137F63AD5868}.Release|x86.Build.0 = Release|Win32
		{CDCDA80B-7178-46A0-BEA0-39A56CD819EC}.Debug|x64.ActiveCfg = Debug|x64
		{CDCDA80B-7178-46A0-BEA0-39A56CD819EC}.Debug|x64.Build.0 = Debug|x64
		{CDCDA80B-7178-46A0-BEA0-39A56CD819EC}.Debug|x86.ActiveCfg = Debug|Win32
		{CDCDA80B-7178-46A0-BEA0-39A56CD819EC}.Debug|x86.Build.0 = Debug|Win32
		{CDCDA80B-7178-46A0-BEA0-39A56CD819EC}.Release|x64.ActiveCfg = Release|x64
		{CDCDA80B-7178-46A0-BEA0-39A56CD819EC}.Release|x64.Build.0 = Release|x64
		{CDCDA80B-7178-46A0-BEA0-39A56CD819EC}.Release|x86.ActiveCfg = Release|Win32
		{CDCDA80B-7178-46A0-BEA0-39A56CD819EC}.Release|x86.Build.0 = Release|Win32
		{DFBE335C-DF8D-485D-B0A4-93213B5DB767}.Debug|x64.ActiveCfg = Debug|x64
		{DFBE335C-DF8D-485D-B0A4-93213B5DB767}.Debug|x64.Build.0 = Debug|x64
		{DFBE335C-DF8D-485D-B0A4-93213B5DB767}.Debug|x86.ActiveCfg = Debug|Win32
		{DFBE335C-DF8D-485D-B0A4-93213B5DB767}.Debug|x86.Build.0 = Debug|Win32
		{DFBE335C-DF8D-485D-B0A4-93213B5DB767}.Release|x64.ActiveCfg = Release|x64
		{DFBE335C-DF8D-485D-B0A4-93213B5DB767}.Release|x64.Build.0 = Release|x64
		{DFBE335C-DF8D-485D-B0A4-93213B5DB767}.Release|x86.ActiveCfg = Release|Win32
		{DFBE335C-DF8D-485D-B0A4-93213B5DB767}.Release|x86.Build.0 = Release|Win32
		{0F9428B8-6E7D-4023-8C44-18C97C7DEA80}.Debug|x64.ActiveCfg = Debug|x64
		{0F9428B8-6E7D-4023-8C44-18C97C7DEA80}.Debug|x64.Build.0 = Debug|x64
		{0F9428B8-6E7D-4023-8C44-18C97C7DEA80}.Debug|x86.ActiveCfg = Debug|Win32
		{0F9428B8-6E7D-4023-8C44-18C97C7DEA80}.Debug|x86.Build.0 = Debug|Win32
		{0F9428B8-6E7D-4023-8C44-18C97C7DEA80}.Release|x64.ActiveCfg = Release|x64
		{0F9428B8-6E7D-4023-8C44-18C97C7DEA80}.Release|x64.Build.0 = Release|x64
		{0F9428B8-6E7D-4023-8C44-18C97C7DEA80}.Release|x86.ActiveCfg = Release|Win32
		{0F9428B8-6E7D-4023-8C44-18C97C7DEA80}.Release|x86.Build.0 = Release|Win32
		{02088FF7-2D29-4AC7-BE27-025C4D690C3D}.Debug|x64.ActiveCfg = Debug|x64
		{02088FF7-2D29-4AC7-BE27-025C4D690C3D}.Debug|x64.Build.0 = Debug|x64
		{02088FF7-2D29-4AC7-BE27-025C4D690C3D}.Debug|x86.ActiveCfg = Debug|Win32
		{02088FF7-2D29-4AC7-BE27-025C4D690C3D}.Debug|x86.Build.0 = Debug|Win32
		{02088FF7-2D29-4AC7-BE27-025C4D690C3D}.Release|x64.ActiveCfg = Release|x64
		{02088FF7-2D29-4AC7-BE27-025C4D690C3D}.Release|x64.Build.0 = Release|x64
		{02088FF7-2D29-4AC7-BE27-025C4D690C3D}.Release|x86.ActiveCfg = Release|Win32
		{02088FF7-2D29-4AC7-BE27-025C4D690C3D}.Release|x86.Build.0 = Release|Win32
		{ED9F8E90-5FB0-43C6-A757-BBC2EA7A9F80}.Debug|x64.ActiveCfg = Debug|x64
		{ED9F8E90-5FB0-43C6-A757-BBC2EA7A9F80}.Debug|x64.Build.0 = Debug|x64
		{ED9F8E90-5FB0-43C6-A757-BBC2EA7A9F80}.Debug|x86.ActiveCfg = Debug|Win32
		{ED9F8E90-5FB0-43C6-A757-BBC2EA7A9F80}.Debug|x86.Build.0 = Debug|Win32
		{ED9F8E90-5FB0-43C6-A757-BBC2EA7A9F80}.Release|x64.ActiveCfg = Release|x64
		{ED9F8E90-5FB0-43C6-A757-BBC2EA7A9F80}.Release|x64.Build.0 = Release|x64
		{ED9F8E90-5FB0-43C6-A757-BBC2EA7A9F80}.Release|x86.ActiveCfg = Release|Win32
		{ED9F8E90-5FB0-43C6-A757-BBC2EA7A9F80}.Release|x86.Build.0 = Release|Win32
		{654A8818-FCF8-4269-AEF1-1DE2454815DA}.Debug|x64.ActiveCfg = Debug|x64
		{654A8818-FCF8-4269-AEF1-1DE2454815DA}.Debug|x64.Build.0 = Debug|x64
		{654A8818-FCF8-4269-AEF1-1DE2454815DA}.Debug|x86.ActiveCfg = Debug|Win32
		{654A8818-FCF8-4269-AEF1-1DE2454815DA}.Debug|x86.Build.0 = Debug|Win32
		{654A8818-FCF8-4269-AEF1-1DE2454815DA}.Release|x64.ActiveCfg = Release|x64
		{654A8818-FCF8-4269-AEF1-1DE2454815DA}.Release|x64.Build.0 = Release|x64
		{654A8818-FCF8-4269-AEF1-1DE2454815DA}.Release|x86.ActiveCfg = Release|Win32
		{654A8818-FCF8-4269-AEF1-1DE2454815DA}.Release|x86.Build.0 = Release|Win32
	EndGlobalSection
	GlobalSection(SolutionProperties) = preSolution
		HideSolutionNode = FALSE
	EndGlobalSection
	GlobalSection(ExtensibilityGlobals) = postSolution
		SolutionGuid = {70E41BA0-C39C-4CC8-99FA-1DCE25E221DB}
	EndGlobalSection
EndGlobal
